
Microsoft Visual Studio Solution File, Format Version 12.00
# Visual Studio Version 16
VisualStudioVersion = 16.0.31911.196
MinimumVisualStudioVersion = 10.0.40219.1
Project("{FAE04EC0-301F-11D3-BF4B-00C04F79EFBC}") = "COA_MVC_1", "COA_MVC_1.csproj", "{8C97DAF0-0DA9-4B15-9BAF-2A8BAFAE99F4}"
EndProject
Global
	GlobalSection(SolutionConfigurationPlatforms) = preSolution
		Debug|Any CPU = Debug|Any CPU
		Release|Any CPU = Release|Any CPU
	EndGlobalSection
	GlobalSection(ProjectConfigurationPlatforms) = postSolution
		{8C97DAF0-0DA9-4B15-9BAF-2A8BAFAE99F4}.Debug|Any CPU.ActiveCfg = Debug|Any CPU
		{8C97DAF0-0DA9-4B15-9BAF-2A8BAFAE99F4}.Debug|Any CPU.Build.0 = Debug|Any CPU
		{8C97DAF0-0DA9-4B15-9BAF-2A8BAFAE99F4}.Release|Any CPU.ActiveCfg = Release|Any CPU
		{8C97DAF0-0DA9-4B15-9BAF-2A8BAFAE99F4}.Release|Any CPU.Build.0 = Release|Any CPU
	EndGlobalSection
	GlobalSection(SolutionProperties) = preSolution
		HideSolutionNode = FALSE
	EndGlobalSection
	GlobalSection(ExtensibilityGlobals) = postSolution
		SolutionGuid = {AB99A737-9A97-4C6F-BA23-A0DC17C8AC29}
	EndGlobalSection
EndGlobal
